// !$*UTF8*$!
{
	archiveVersion = 1;
	classes = {
	};
	objectVersion = 46;
	objects = {

/* Begin PBXBuildFile section */
		84092E2C20B7CC9D00074F55 /* ItemDetailsViewController.swift in Sources */ = {isa = PBXBuildFile; fileRef = 84092E2B20B7CC9D00074F55 /* ItemDetailsViewController.swift */; };
		84092E2E20B7E74500074F55 /* CustomTextField.swift in Sources */ = {isa = PBXBuildFile; fileRef = 84092E2D20B7E74500074F55 /* CustomTextField.swift */; };
		84DDEA4E20B6AEE900622F1A /* AppDelegate.swift in Sources */ = {isa = PBXBuildFile; fileRef = 84DDEA4D20B6AEE900622F1A /* AppDelegate.swift */; };
		84DDEA5020B6AEE900622F1A /* MainViewController.swift in Sources */ = {isa = PBXBuildFile; fileRef = 84DDEA4F20B6AEE900622F1A /* MainViewController.swift */; };
		84DDEA5320B6AEE900622F1A /* Main.storyboard in Resources */ = {isa = PBXBuildFile; fileRef = 84DDEA5120B6AEE900622F1A /* Main.storyboard */; };
		84DDEA5620B6AEE900622F1A /* DreamLister.xcdatamodeld in Sources */ = {isa = PBXBuildFile; fileRef = 84DDEA5420B6AEE900622F1A /* DreamLister.xcdatamodeld */; };
		84DDEA5820B6AEE900622F1A /* Assets.xcassets in Resources */ = {isa = PBXBuildFile; fileRef = 84DDEA5720B6AEE900622F1A /* Assets.xcassets */; };
		84DDEA5B20B6AEE900622F1A /* LaunchScreen.storyboard in Resources */ = {isa = PBXBuildFile; fileRef = 84DDEA5920B6AEE900622F1A /* LaunchScreen.storyboard */; };
		84DDEA7D20B6B93100622F1A /* Image.swift in Sources */ = {isa = PBXBuildFile; fileRef = 84DDEA7520B6B93100622F1A /* Image.swift */; };
		84DDEA7E20B6B93100622F1A /* Image+CoreDataProperties.swift in Sources */ = {isa = PBXBuildFile; fileRef = 84DDEA7620B6B93100622F1A /* Image+CoreDataProperties.swift */; };
		84DDEA7F20B6B93100622F1A /* Store.swift in Sources */ = {isa = PBXBuildFile; fileRef = 84DDEA7720B6B93100622F1A /* Store.swift */; };
		84DDEA8020B6B93100622F1A /* Store+CoreDataProperties.swift in Sources */ = {isa = PBXBuildFile; fileRef = 84DDEA7820B6B93100622F1A /* Store+CoreDataProperties.swift */; };
		84DDEA8120B6B93100622F1A /* ItemType.swift in Sources */ = {isa = PBXBuildFile; fileRef = 84DDEA7920B6B93100622F1A /* ItemType.swift */; };
		84DDEA8220B6B93100622F1A /* ItemType+CoreDataProperties.swift in Sources */ = {isa = PBXBuildFile; fileRef = 84DDEA7A20B6B93100622F1A /* ItemType+CoreDataProperties.swift */; };
		84DDEA8320B6B93100622F1A /* Item.swift in Sources */ = {isa = PBXBuildFile; fileRef = 84DDEA7B20B6B93100622F1A /* Item.swift */; };
		84DDEA8420B6B93100622F1A /* Item+CoreDataProperties.swift in Sources */ = {isa = PBXBuildFile; fileRef = 84DDEA7C20B6B93100622F1A /* Item+CoreDataProperties.swift */; };
		84DDEA8820B6C7CB00622F1A /* MaterialView.swift in Sources */ = {isa = PBXBuildFile; fileRef = 84DDEA8720B6C7CB00622F1A /* MaterialView.swift */; };
		84DDEA8A20B6CCC900622F1A /* ItemCell.swift in Sources */ = {isa = PBXBuildFile; fileRef = 84DDEA8920B6CCC900622F1A /* ItemCell.swift */; };
/* End PBXBuildFile section */

/* Begin PBXFileReference section */
		84092E2B20B7CC9D00074F55 /* ItemDetailsViewController.swift */ = {isa = PBXFileReference; fileEncoding = 4; lastKnownFileType = sourcecode.swift; path = ItemDetailsViewController.swift; sourceTree = "<group>"; };
		84092E2D20B7E74500074F55 /* CustomTextField.swift */ = {isa = PBXFileReference; fileEncoding = 4; lastKnownFileType = sourcecode.swift; path = CustomTextField.swift; sourceTree = "<group>"; };
		84DDEA4A20B6AEE900622F1A /* DreamLister.app */ = {isa = PBXFileReference; explicitFileType = wrapper.application; includeInIndex = 0; path = DreamLister.app; sourceTree = BUILT_PRODUCTS_DIR; };
		84DDEA4D20B6AEE900622F1A /* AppDelegate.swift */ = {isa = PBXFileReference; lastKnownFileType = sourcecode.swift; path = AppDelegate.swift; sourceTree = "<group>"; };
		84DDEA4F20B6AEE900622F1A /* MainViewController.swift */ = {isa = PBXFileReference; lastKnownFileType = sourcecode.swift; path = MainViewController.swift; sourceTree = "<group>"; };
		84DDEA5220B6AEE900622F1A /* Base */ = {isa = PBXFileReference; lastKnownFileType = file.storyboard; name = Base; path = Base.lproj/Main.storyboard; sourceTree = "<group>"; };
		84DDEA5520B6AEE900622F1A /* DreamLister.xcdatamodel */ = {isa = PBXFileReference; lastKnownFileType = wrapper.xcdatamodel; path = DreamLister.xcdatamodel; sourceTree = "<group>"; };
		84DDEA5720B6AEE900622F1A /* Assets.xcassets */ = {isa = PBXFileReference; lastKnownFileType = folder.assetcatalog; path = Assets.xcassets; sourceTree = "<group>"; };
		84DDEA5A20B6AEE900622F1A /* Base */ = {isa = PBXFileReference; lastKnownFileType = file.storyboard; name = Base; path = Base.lproj/LaunchScreen.storyboard; sourceTree = "<group>"; };
		84DDEA5C20B6AEE900622F1A /* Info.plist */ = {isa = PBXFileReference; lastKnownFileType = text.plist.xml; path = Info.plist; sourceTree = "<group>"; };
		84DDEA7520B6B93100622F1A /* Image.swift */ = {isa = PBXFileReference; fileEncoding = 4; lastKnownFileType = sourcecode.swift; path = Image.swift; sourceTree = "<group>"; };
		84DDEA7620B6B93100622F1A /* Image+CoreDataProperties.swift */ = {isa = PBXFileReference; fileEncoding = 4; lastKnownFileType = sourcecode.swift; path = "Image+CoreDataProperties.swift"; sourceTree = "<group>"; };
		84DDEA7720B6B93100622F1A /* Store.swift */ = {isa = PBXFileReference; fileEncoding = 4; lastKnownFileType = sourcecode.swift; path = Store.swift; sourceTree = "<group>"; };
		84DDEA7820B6B93100622F1A /* Store+CoreDataProperties.swift */ = {isa = PBXFileReference; fileEncoding = 4; lastKnownFileType = sourcecode.swift; path = "Store+CoreDataProperties.swift"; sourceTree = "<group>"; };
		84DDEA7920B6B93100622F1A /* ItemType.swift */ = {isa = PBXFileReference; fileEncoding = 4; lastKnownFileType = sourcecode.swift; path = ItemType.swift; sourceTree = "<group>"; };
		84DDEA7A20B6B93100622F1A /* ItemType+CoreDataProperties.swift */ = {isa = PBXFileReference; fileEncoding = 4; lastKnownFileType = sourcecode.swift; path = "ItemType+CoreDataProperties.swift"; sourceTree = "<group>"; };
		84DDEA7B20B6B93100622F1A /* Item.swift */ = {isa = PBXFileReference; fileEncoding = 4; lastKnownFileType = sourcecode.swift; path = Item.swift; sourceTree = "<group>"; };
		84DDEA7C20B6B93100622F1A /* Item+CoreDataProperties.swift */ = {isa = PBXFileReference; fileEncoding = 4; lastKnownFileType = sourcecode.swift; path = "Item+CoreDataProperties.swift"; sourceTree = "<group>"; };
		84DDEA8720B6C7CB00622F1A /* MaterialView.swift */ = {isa = PBXFileReference; fileEncoding = 4; lastKnownFileType = sourcecode.swift; path = MaterialView.swift; sourceTree = "<group>"; };
		84DDEA8920B6CCC900622F1A /* ItemCell.swift */ = {isa = PBXFileReference; fileEncoding = 4; lastKnownFileType = sourcecode.swift; path = ItemCell.swift; sourceTree = "<group>"; };
/* End PBXFileReference section */

/* Begin PBXFrameworksBuildPhase section */
		84DDEA4720B6AEE900622F1A /* Frameworks */ = {
			isa = PBXFrameworksBuildPhase;
			buildActionMask = 2147483647;
			files = (
			);
			runOnlyForDeploymentPostprocessing = 0;
		};
/* End PBXFrameworksBuildPhase section */

/* Begin PBXGroup section */
		84DDEA4120B6AEE900622F1A = {
			isa = PBXGroup;
			children = (
				84DDEA4C20B6AEE900622F1A /* DreamLister */,
				84DDEA4B20B6AEE900622F1A /* Products */,
			);
			sourceTree = "<group>";
		};
		84DDEA4B20B6AEE900622F1A /* Products */ = {
			isa = PBXGroup;
			children = (
				84DDEA4A20B6AEE900622F1A /* DreamLister.app */,
			);
			name = Products;
			sourceTree = "<group>";
		};
		84DDEA4C20B6AEE900622F1A /* DreamLister */ = {
			isa = PBXGroup;
			children = (
				84DDEA7320B6B7B100622F1A /* Model */,
				84DDEA8620B6C79400622F1A /* View */,
				84DDEA6220B6AFE200622F1A /* Controller */,
				84DDEA4D20B6AEE900622F1A /* AppDelegate.swift */,
				84DDEA5120B6AEE900622F1A /* Main.storyboard */,
				84DDEA5720B6AEE900622F1A /* Assets.xcassets */,
				84DDEA5920B6AEE900622F1A /* LaunchScreen.storyboard */,
				84DDEA5C20B6AEE900622F1A /* Info.plist */,
				84DDEA5420B6AEE900622F1A /* DreamLister.xcdatamodeld */,
			);
			path = DreamLister;
			sourceTree = "<group>";
		};
		84DDEA6220B6AFE200622F1A /* Controller */ = {
			isa = PBXGroup;
			children = (
				84DDEA4F20B6AEE900622F1A /* MainViewController.swift */,
				84092E2B20B7CC9D00074F55 /* ItemDetailsViewController.swift */,
			);
			name = Controller;
			sourceTree = "<group>";
		};
		84DDEA7320B6B7B100622F1A /* Model */ = {
			isa = PBXGroup;
			children = (
				84DDEA7520B6B93100622F1A /* Image.swift */,
				84DDEA7720B6B93100622F1A /* Store.swift */,
				84DDEA7920B6B93100622F1A /* ItemType.swift */,
				84DDEA7B20B6B93100622F1A /* Item.swift */,
				84DDEA7420B6B7B600622F1A /* Generated */,
			);
			name = Model;
			sourceTree = "<group>";
		};
		84DDEA7420B6B7B600622F1A /* Generated */ = {
			isa = PBXGroup;
			children = (
				84DDEA7620B6B93100622F1A /* Image+CoreDataProperties.swift */,
				84DDEA7820B6B93100622F1A /* Store+CoreDataProperties.swift */,
				84DDEA7A20B6B93100622F1A /* ItemType+CoreDataProperties.swift */,
				84DDEA7C20B6B93100622F1A /* Item+CoreDataProperties.swift */,
			);
			name = Generated;
			sourceTree = "<group>";
		};
		84DDEA8620B6C79400622F1A /* View */ = {
			isa = PBXGroup;
			children = (
				84DDEA8720B6C7CB00622F1A /* MaterialView.swift */,
				84DDEA8920B6CCC900622F1A /* ItemCell.swift */,
				84092E2D20B7E74500074F55 /* CustomTextField.swift */,
			);
			name = View;
			sourceTree = "<group>";
		};
/* End PBXGroup section */

/* Begin PBXNativeTarget section */
		84DDEA4920B6AEE900622F1A /* DreamLister */ = {
			isa = PBXNativeTarget;
			buildConfigurationList = 84DDEA5F20B6AEE900622F1A /* Build configuration list for PBXNativeTarget "DreamLister" */;
			buildPhases = (
				84DDEA4620B6AEE900622F1A /* Sources */,
				84DDEA4720B6AEE900622F1A /* Frameworks */,
				84DDEA4820B6AEE900622F1A /* Resources */,
			);
			buildRules = (
			);
			dependencies = (
			);
			name = DreamLister;
			productName = DreamLister;
			productReference = 84DDEA4A20B6AEE900622F1A /* DreamLister.app */;
			productType = "com.apple.product-type.application";
		};
/* End PBXNativeTarget section */

/* Begin PBXProject section */
		84DDEA4220B6AEE900622F1A /* Project object */ = {
			isa = PBXProject;
			attributes = {
				LastSwiftUpdateCheck = 0830;
				LastUpgradeCheck = 0830;
				ORGANIZATIONNAME = "Son Ho";
				TargetAttributes = {
					84DDEA4920B6AEE900622F1A = {
						CreatedOnToolsVersion = 8.3.3;
						ProvisioningStyle = Automatic;
					};
				};
			};
			buildConfigurationList = 84DDEA4520B6AEE900622F1A /* Build configuration list for PBXProject "DreamLister" */;
			compatibilityVersion = "Xcode 3.2";
			developmentRegion = English;
			hasScannedForEncodings = 0;
			knownRegions = (
				en,
				Base,
			);
			mainGroup = 84DDEA4120B6AEE900622F1A;
			productRefGroup = 84DDEA4B20B6AEE900622F1A /* Products */;
			projectDirPath = "";
			projectRoot = "";
			targets = (
				84DDEA4920B6AEE900622F1A /* DreamLister */,
			);
		};
/* End PBXProject section */

/* Begin PBXResourcesBuildPhase section */
		84DDEA4820B6AEE900622F1A /* Resources */ = {
			isa = PBXResourcesBuildPhase;
			buildActionMask = 2147483647;
			files = (
				84DDEA5B20B6AEE900622F1A /* LaunchScreen.storyboard in Resources */,
				84DDEA5820B6AEE900622F1A /* Assets.xcassets in Resources */,
				84DDEA5320B6AEE900622F1A /* Main.storyboard in Resources */,
			);
			runOnlyForDeploymentPostprocessing = 0;
		};
/* End PBXResourcesBuildPhase section */

/* Begin PBXSourcesBuildPhase section */
		84DDEA4620B6AEE900622F1A /* Sources */ = {
			isa = PBXSourcesBuildPhase;
			buildActionMask = 2147483647;
			files = (
				84DDEA8A20B6CCC900622F1A /* ItemCell.swift in Sources */,
				84DDEA8320B6B93100622F1A /* Item.swift in Sources */,
				84DDEA5020B6AEE900622F1A /* MainViewController.swift in Sources */,
				84DDEA7F20B6B93100622F1A /* Store.swift in Sources */,
				84DDEA8820B6C7CB00622F1A /* MaterialView.swift in Sources */,
				84DDEA8220B6B93100622F1A /* ItemType+CoreDataProperties.swift in Sources */,
				84DDEA7E20B6B93100622F1A /* Image+CoreDataProperties.swift in Sources */,
				84DDEA4E20B6AEE900622F1A /* AppDelegate.swift in Sources */,
				84DDEA8120B6B93100622F1A /* ItemType.swift in Sources */,
				84DDEA8020B6B93100622F1A /* Store+CoreDataProperties.swift in Sources */,
				84DDEA5620B6AEE900622F1A /* DreamLister.xcdatamodeld in Sources */,
				84DDEA8420B6B93100622F1A /* Item+CoreDataProperties.swift in Sources */,
				84092E2C20B7CC9D00074F55 /* ItemDetailsViewController.swift in Sources */,
				84DDEA7D20B6B93100622F1A /* Image.swift in Sources */,
				84092E2E20B7E74500074F55 /* CustomTextField.swift in Sources */,
			);
			runOnlyForDeploymentPostprocessing = 0;
		};
/* End PBXSourcesBuildPhase section */

/* Begin PBXVariantGroup section */
		84DDEA5120B6AEE900622F1A /* Main.storyboard */ = {
			isa = PBXVariantGroup;
			children = (
				84DDEA5220B6AEE900622F1A /* Base */,
			);
			name = Main.storyboard;
			sourceTree = "<group>";
		};
		84DDEA5920B6AEE900622F1A /* LaunchScreen.storyboard */ = {
			isa = PBXVariantGroup;
			children = (
				84DDEA5A20B6AEE900622F1A /* Base */,
			);
			name = LaunchScreen.storyboard;
			sourceTree = "<group>";
		};
/* End PBXVariantGroup section */

/* Begin XCBuildConfiguration section */
		84DDEA5D20B6AEE900622F1A /* Debug */ = {
			isa = XCBuildConfiguration;
			buildSettings = {
				ALWAYS_SEARCH_USER_PATHS = NO;
				CLANG_ANALYZER_NONNULL = YES;
				CLANG_ANALYZER_NUMBER_OBJECT_CONVERSION = YES_AGGRESSIVE;
				CLANG_CXX_LANGUAGE_STANDARD = "gnu++0x";
				CLANG_CXX_LIBRARY = "libc++";
				CLANG_ENABLE_MODULES = YES;
				CLANG_ENABLE_OBJC_ARC = YES;
				CLANG_WARN_BOOL_CONVERSION = YES;
				CLANG_WARN_CONSTANT_CONVERSION = YES;
				CLANG_WARN_DIRECT_OBJC_ISA_USAGE = YES_ERROR;
				CLANG_WARN_DOCUMENTATION_COMMENTS = YES;
				CLANG_WARN_EMPTY_BODY = YES;
				CLANG_WARN_ENUM_CONVERSION = YES;
				CLANG_WARN_INFINITE_RECURSION = YES;
				CLANG_WARN_INT_CONVERSION = YES;
				CLANG_WARN_OBJC_ROOT_CLASS = YES_ERROR;
				CLANG_WARN_SUSPICIOUS_MOVE = YES;
				CLANG_WARN_UNREACHABLE_CODE = YES;
				CLANG_WARN__DUPLICATE_METHOD_MATCH = YES;
				"CODE_SIGN_IDENTITY[sdk=iphoneos*]" = "iPhone Developer";
				COPY_PHASE_STRIP = NO;
				DEBUG_INFORMATION_FORMAT = dwarf;
				ENABLE_STRICT_OBJC_MSGSEND = YES;
				ENABLE_TESTABILITY = YES;
				GCC_C_LANGUAGE_STANDARD = gnu99;
				GCC_DYNAMIC_NO_PIC = NO;
				GCC_NO_COMMON_BLOCKS = YES;
				GCC_OPTIMIZATION_LEVEL = 0;
				GCC_PREPROCESSOR_DEFINITIONS = (
					"DEBUG=1",
					"$(inherited)",
				);
				GCC_WARN_64_TO_32_BIT_CONVERSION = YES;
				GCC_WARN_ABOUT_RETURN_TYPE = YES_ERROR;
				GCC_WARN_UNDECLARED_SELECTOR = YES;
				GCC_WARN_UNINITIALIZED_AUTOS = YES_AGGRESSIVE;
				GCC_WARN_UNUSED_FUNCTION = YES;
				GCC_WARN_UNUSED_VARIABLE = YES;
				IPHONEOS_DEPLOYMENT_TARGET = 10.3;
				MTL_ENABLE_DEBUG_INFO = YES;
				ONLY_ACTIVE_ARCH = YES;
				SDKROOT = iphoneos;
				SWIFT_ACTIVE_COMPILATION_CONDITIONS = DEBUG;
				SWIFT_OPTIMIZATION_LEVEL = "-Onone";
				TARGETED_DEVICE_FAMILY = "1,2";
			};
			name = Debug;
		};
		84DDEA5E20B6AEE900622F1A /* Release */ = {
			isa = XCBuildConfiguration;
			buildSettings = {
				ALWAYS_SEARCH_USER_PATHS = NO;
				CLANG_ANALYZER_NONNULL = YES;
				CLANG_ANALYZER_NUMBER_OBJECT_CONVERSION = YES_AGGRESSIVE;
				CLANG_CXX_LANGUAGE_STANDARD = "gnu++0x";
				CLANG_CXX_LIBRARY = "libc++";
				CLANG_ENABLE_MODULES = YES;
				CLANG_ENABLE_OBJC_ARC = YES;
				CLANG_WARN_BOOL_CONVERSION = YES;
				CLANG_WARN_CONSTANT_CONVERSION = YES;
				CLANG_WARN_DIRECT_OBJC_ISA_USAGE = YES_ERROR;
				CLANG_WARN_DOCUMENTATION_COMMENTS = YES;
				CLANG_WARN_EMPTY_BODY = YES;
				CLANG_WARN_ENUM_CONVERSION = YES;
				CLANG_WARN_INFINITE_RECURSION = YES;
				CLANG_WARN_INT_CONVERSION = YES;
				CLANG_WARN_OBJC_ROOT_CLASS = YES_ERROR;
				CLANG_WARN_SUSPICIOUS_MOVE = YES;
				CLANG_WARN_UNREACHABLE_CODE = YES;
				CLANG_WARN__DUPLICATE_METHOD_MATCH = YES;
				"CODE_SIGN_IDENTITY[sdk=iphoneos*]" = "iPhone Developer";
				COPY_PHASE_STRIP = NO;
				DEBUG_INFORMATION_FORMAT = "dwarf-with-dsym";
				ENABLE_NS_ASSERTIONS = NO;
				ENABLE_STRICT_OBJC_MSGSEND = YES;
				GCC_C_LANGUAGE_STANDARD = gnu99;
				GCC_NO_COMMON_BLOCKS = YES;
				GCC_WARN_64_TO_32_BIT_CONVERSION = YES;
				GCC_WARN_ABOUT_RETURN_TYPE = YES_ERROR;
				GCC_WARN_UNDECLARED_SELECTOR = YES;
				GCC_WARN_UNINITIALIZED_AUTOS = YES_AGGRESSIVE;
				GCC_WARN_UNUSED_FUNCTION = YES;
				GCC_WARN_UNUSED_VARIABLE = YES;
				IPHONEOS_DEPLOYMENT_TARGET = 10.3;
				MTL_ENABLE_DEBUG_INFO = NO;
				SDKROOT = iphoneos;
				SWIFT_OPTIMIZATION_LEVEL = "-Owholemodule";
				TARGETED_DEVICE_FAMILY = "1,2";
				VALIDATE_PRODUCT = YES;
			};
			name = Release;
		};
		84DDEA6020B6AEE900622F1A /* Debug */ = {
			isa = XCBuildConfiguration;
			buildSettings = {
				ASSETCATALOG_COMPILER_APPICON_NAME = AppIcon;
				INFOPLIST_FILE = DreamLister/Info.plist;
				LD_RUNPATH_SEARCH_PATHS = "$(inherited) @executable_path/Frameworks";
				PRODUCT_BUNDLE_IDENTIFIER = com.sonhnlab.DreamLister;
				PRODUCT_NAME = "$(TARGET_NAME)";
				SWIFT_VERSION = 3.0;
			};
			name = Debug;
		};
		84DDEA6120B6AEE900622F1A /* Release */ = {
			isa = XCBuildConfiguration;
			buildSettings = {
				ASSETCATALOG_COMPILER_APPICON_NAME = AppIcon;
				INFOPLIST_FILE = DreamLister/Info.plist;
				LD_RUNPATH_SEARCH_PATHS = "$(inherited) @executable_path/Frameworks";
				PRODUCT_BUNDLE_IDENTIFIER = com.sonhnlab.DreamLister;
				PRODUCT_NAME = "$(TARGET_NAME)";
				SWIFT_VERSION = 3.0;
			};
			name = Release;
		};
/* End XCBuildConfiguration section */

/* Begin XCConfigurationList section */
		84DDEA4520B6AEE900622F1A /* Build configuration list for PBXProject "DreamLister" */ = {
			isa = XCConfigurationList;
			buildConfigurations = (
				84DDEA5D20B6AEE900622F1A /* Debug */,
				84DDEA5E20B6AEE900622F1A /* Release */,
			);
			defaultConfigurationIsVisible = 0;
			defaultConfigurationName = Release;
		};
		84DDEA5F20B6AEE900622F1A /* Build configuration list for PBXNativeTarget "DreamLister" */ = {
			isa = XCConfigurationList;
			buildConfigurations = (
				84DDEA6020B6AEE900622F1A /* Debug */,
				84DDEA6120B6AEE900622F1A /* Release */,
			);
			defaultConfigurationIsVisible = 0;
			defaultConfigurationName = Release;
		};
/* End XCConfigurationList section */

/* Begin XCVersionGroup section */
		84DDEA5420B6AEE900622F1A /* DreamLister.xcdatamodeld */ = {
			isa = XCVersionGroup;
			children = (
				84DDEA5520B6AEE900622F1A /* DreamLister.xcdatamodel */,
			);
			currentVersion = 84DDEA5520B6AEE900622F1A /* DreamLister.xcdatamodel */;
			path = DreamLister.xcdatamodeld;
			sourceTree = "<group>";
			versionGroupType = wrapper.xcdatamodel;
		};
/* End XCVersionGroup section */
	};
	rootObject = 84DDEA4220B6AEE900622F1A /* Project object */;
}
